
Microsoft Visual Studio Solution File, Format Version 12.00
# Visual Studio Version 16
VisualStudioVersion = 16.0.29318.209
MinimumVisualStudioVersion = 10.0.40219.1
Project("{9A19103F-16F7-4668-BE54-9A1E7A4F7556}") = "WebAppMunicipalityTax", "TaxService\WebAppMunicipalityTax.csproj", "{08C1DB1E-EB19-4B69-8A84-08C2CEF583C5}"
EndProject
Global
	GlobalSection(SolutionConfigurationPlatforms) = preSolution
		Debug|Any CPU = Debug|Any CPU
		Release|Any CPU = Release|Any CPU
	EndGlobalSection
	GlobalSection(ProjectConfigurationPlatforms) = postSolution
		{08C1DB1E-EB19-4B69-8A84-08C2CEF583C5}.Debug|Any CPU.ActiveCfg = Debug|Any CPU
		{08C1DB1E-EB19-4B69-8A84-08C2CEF583C5}.Debug|Any CPU.Build.0 = Debug|Any CPU
		{08C1DB1E-EB19-4B69-8A84-08C2CEF583C5}.Release|Any CPU.ActiveCfg = Release|Any CPU
		{08C1DB1E-EB19-4B69-8A84-08C2CEF583C5}.Release|Any CPU.Build.0 = Release|Any CPU
	EndGlobalSection
	GlobalSection(SolutionProperties) = preSolution
		HideSolutionNode = FALSE
	EndGlobalSection
	GlobalSection(ExtensibilityGlobals) = postSolution
		SolutionGuid = {012DF488-9A65-4F98-9EB1-1A29A8AF2BE9}
	EndGlobalSection
EndGlobal
